
Microsoft Visual Studio Solution File, Format Version 12.00
# Visual Studio Version 17
VisualStudioVersion = 17.14.36414.22 d17.14
MinimumVisualStudioVersion = 10.0.40219.1
Project("{FAE04EC0-301F-11D3-BF4B-00C04F79EFBC}") = "Random Data Generator", "Random Data Generator\Random Data Generator.csproj", "{6AB81048-18C3-4943-A52E-D005E05EAE35}"
EndProject
Global
	GlobalSection(SolutionConfigurationPlatforms) = preSolution
		Debug|Any CPU = Debug|Any CPU
		Release|Any CPU = Release|Any CPU
	EndGlobalSection
	GlobalSection(ProjectConfigurationPlatforms) = postSolution
		{6AB81048-18C3-4943-A52E-D005E05EAE35}.Debug|Any CPU.ActiveCfg = Debug|Any CPU
		{6AB81048-18C3-4943-A52E-D005E05EAE35}.Debug|Any CPU.Build.0 = Debug|Any CPU
		{6AB81048-18C3-4943-A52E-D005E05EAE35}.Release|Any CPU.ActiveCfg = Release|Any CPU
		{6AB81048-18C3-4943-A52E-D005E05EAE35}.Release|Any CPU.Build.0 = Release|Any CPU
	EndGlobalSection
	GlobalSection(SolutionProperties) = preSolution
		HideSolutionNode = FALSE
	EndGlobalSection
	GlobalSection(ExtensibilityGlobals) = postSolution
		SolutionGuid = {2B58DCC9-8681-4439-989D-03EDF3E09ACD}
	EndGlobalSection
EndGlobal
